
Microsoft Visual Studio Solution File, Format Version 12.00
# Visual Studio 2012
Project("{FAE04EC0-301F-11D3-BF4B-00C04F79EFBC}") = "VectorGraphicLib", "VectorGraphicLib\VectorGraphicLib.csproj", "{79C73053-C006-4407-8837-33E26D5427D3}"
EndProject
Project("{FAE04EC0-301F-11D3-BF4B-00C04F79EFBC}") = "VectorGraphicLibTest", "VectorGraphicLibTest\VectorGraphicLibTest.csproj", "{7113BCA2-367A-4D0B-A13A-5045C3C3935F}"
EndProject
Global
	GlobalSection(SolutionConfigurationPlatforms) = preSolution
		Debug|Any CPU = Debug|Any CPU
		Release|Any CPU = Release|Any CPU
	EndGlobalSection
	GlobalSection(ProjectConfigurationPlatforms) = postSolution
		{7113BCA2-367A-4D0B-A13A-5045C3C3935F}.Debug|Any CPU.ActiveCfg = Debug|Any CPU
		{7113BCA2-367A-4D0B-A13A-5045C3C3935F}.Debug|Any CPU.Build.0 = Debug|Any CPU
		{7113BCA2-367A-4D0B-A13A-5045C3C3935F}.Release|Any CPU.ActiveCfg = Release|Any CPU
		{7113BCA2-367A-4D0B-A13A-5045C3C3935F}.Release|Any CPU.Build.0 = Release|Any CPU
		{79C73053-C006-4407-8837-33E26D5427D3}.Debug|Any CPU.ActiveCfg = Debug|Any CPU
		{79C73053-C006-4407-8837-33E26D5427D3}.Debug|Any CPU.Build.0 = Debug|Any CPU
		{79C73053-C006-4407-8837-33E26D5427D3}.Release|Any CPU.ActiveCfg = Release|Any CPU
		{79C73053-C006-4407-8837-33E26D5427D3}.Release|Any CPU.Build.0 = Release|Any CPU
	EndGlobalSection
	GlobalSection(MonoDevelopProperties) = preSolution
		StartupItem = VectorGraphicLibTest\VectorGraphicLibTest.csproj
	EndGlobalSection
EndGlobal
